
Microsoft Visual Studio Solution File, Format Version 12.00
# Visual Studio Version 16
VisualStudioVersion = 16.0.29424.173
MinimumVisualStudioVersion = 10.0.40219.1
Project("{9A19103F-16F7-4668-BE54-9A1E7A4F7556}") = "tritronAPI", "tritronAPI.csproj", "{584A5EE8-434A-4292-9D80-9CA2808AE8EF}"
EndProject
Project("{9A19103F-16F7-4668-BE54-9A1E7A4F7556}") = "Models", "Models\Models.csproj", "{D491ED54-8240-44EF-9B9D-2A8288BC5791}"
EndProject
Project("{9A19103F-16F7-4668-BE54-9A1E7A4F7556}") = "Contracts", "Contracts\Contracts.csproj", "{04758FB0-66E3-4F07-9BDC-D86D7AB46CF6}"
EndProject
Project("{9A19103F-16F7-4668-BE54-9A1E7A4F7556}") = "Extension", "Extension\Extension.csproj", "{2930243D-9765-45F7-A22B-8393989EA1C2}"
EndProject
Project("{9A19103F-16F7-4668-BE54-9A1E7A4F7556}") = "DAL", "DAL\DAL.csproj", "{BBE89A36-34BF-4082-BFFE-38C930A45312}"
EndProject
Project("{9A19103F-16F7-4668-BE54-9A1E7A4F7556}") = "Runner", "..\Runner\Runner.csproj", "{7AB9CF45-9643-43E3-B71B-9067785AE2C1}"
EndProject
Project("{9A19103F-16F7-4668-BE54-9A1E7A4F7556}") = "JudgeCompiler", "..\JudgeCompiler\JudgeCompiler.csproj", "{BA41BB97-AA35-4AEA-AC97-18799D02892C}"
EndProject
Project("{9A19103F-16F7-4668-BE54-9A1E7A4F7556}") = "TritronAPI.common", "..\TritronAPI.common\TritronAPI.common.csproj", "{E72472ED-0F6E-41F6-BBFA-922B6B830C4E}"
EndProject
Project("{9A19103F-16F7-4668-BE54-9A1E7A4F7556}") = "Test", "..\Test\Test.csproj", "{F0675606-7AD1-498D-9DAD-D54D73B45A7D}"
EndProject
Project("{9A19103F-16F7-4668-BE54-9A1E7A4F7556}") = "RestrictedProcessCore", "..\RestrictedProcessCore\RestrictedProcessCore.csproj", "{E49EA128-CC07-49E4-BB78-91915358551B}"
EndProject
Project("{2150E333-8FDC-42A3-9474-1A3956D46DE8}") = "Solution Items", "Solution Items", "{66170DC7-A5F3-492F-B744-081352B2ED9F}"
	ProjectSection(SolutionItems) = preProject
		env.txt = env.txt
	EndProjectSection
EndProject
Global
	GlobalSection(SolutionConfigurationPlatforms) = preSolution
		Debug|Any CPU = Debug|Any CPU
		Release|Any CPU = Release|Any CPU
	EndGlobalSection
	GlobalSection(ProjectConfigurationPlatforms) = postSolution
		{584A5EE8-434A-4292-9D80-9CA2808AE8EF}.Debug|Any CPU.ActiveCfg = Debug|Any CPU
		{584A5EE8-434A-4292-9D80-9CA2808AE8EF}.Debug|Any CPU.Build.0 = Debug|Any CPU
		{584A5EE8-434A-4292-9D80-9CA2808AE8EF}.Release|Any CPU.ActiveCfg = Release|Any CPU
		{584A5EE8-434A-4292-9D80-9CA2808AE8EF}.Release|Any CPU.Build.0 = Release|Any CPU
		{D491ED54-8240-44EF-9B9D-2A8288BC5791}.Debug|Any CPU.ActiveCfg = Debug|Any CPU
		{D491ED54-8240-44EF-9B9D-2A8288BC5791}.Debug|Any CPU.Build.0 = Debug|Any CPU
		{D491ED54-8240-44EF-9B9D-2A8288BC5791}.Release|Any CPU.ActiveCfg = Release|Any CPU
		{D491ED54-8240-44EF-9B9D-2A8288BC5791}.Release|Any CPU.Build.0 = Release|Any CPU
		{04758FB0-66E3-4F07-9BDC-D86D7AB46CF6}.Debug|Any CPU.ActiveCfg = Debug|Any CPU
		{04758FB0-66E3-4F07-9BDC-D86D7AB46CF6}.Debug|Any CPU.Build.0 = Debug|Any CPU
		{04758FB0-66E3-4F07-9BDC-D86D7AB46CF6}.Release|Any CPU.ActiveCfg = Release|Any CPU
		{04758FB0-66E3-4F07-9BDC-D86D7AB46CF6}.Release|Any CPU.Build.0 = Release|Any CPU
		{2930243D-9765-45F7-A22B-8393989EA1C2}.Debug|Any CPU.ActiveCfg = Debug|Any CPU
		{2930243D-9765-45F7-A22B-8393989EA1C2}.Debug|Any CPU.Build.0 = Debug|Any CPU
		{2930243D-9765-45F7-A22B-8393989EA1C2}.Release|Any CPU.ActiveCfg = Release|Any CPU
		{2930243D-9765-45F7-A22B-8393989EA1C2}.Release|Any CPU.Build.0 = Release|Any CPU
		{BBE89A36-34BF-4082-BFFE-38C930A45312}.Debug|Any CPU.ActiveCfg = Debug|Any CPU
		{BBE89A36-34BF-4082-BFFE-38C930A45312}.Debug|Any CPU.Build.0 = Debug|Any CPU
		{BBE89A36-34BF-4082-BFFE-38C930A45312}.Release|Any CPU.ActiveCfg = Release|Any CPU
		{BBE89A36-34BF-4082-BFFE-38C930A45312}.Release|Any CPU.Build.0 = Release|Any CPU
		{7AB9CF45-9643-43E3-B71B-9067785AE2C1}.Debug|Any CPU.ActiveCfg = Debug|Any CPU
		{7AB9CF45-9643-43E3-B71B-9067785AE2C1}.Debug|Any CPU.Build.0 = Debug|Any CPU
		{7AB9CF45-9643-43E3-B71B-9067785AE2C1}.Release|Any CPU.ActiveCfg = Release|Any CPU
		{7AB9CF45-9643-43E3-B71B-9067785AE2C1}.Release|Any CPU.Build.0 = Release|Any CPU
		{BA41BB97-AA35-4AEA-AC97-18799D02892C}.Debug|Any CPU.ActiveCfg = Debug|Any CPU
		{BA41BB97-AA35-4AEA-AC97-18799D02892C}.Debug|Any CPU.Build.0 = Debug|Any CPU
		{BA41BB97-AA35-4AEA-AC97-18799D02892C}.Release|Any CPU.ActiveCfg = Release|Any CPU
		{BA41BB97-AA35-4AEA-AC97-18799D02892C}.Release|Any CPU.Build.0 = Release|Any CPU
		{E72472ED-0F6E-41F6-BBFA-922B6B830C4E}.Debug|Any CPU.ActiveCfg = Debug|Any CPU
		{E72472ED-0F6E-41F6-BBFA-922B6B830C4E}.Debug|Any CPU.Build.0 = Debug|Any CPU
		{E72472ED-0F6E-41F6-BBFA-922B6B830C4E}.Release|Any CPU.ActiveCfg = Release|Any CPU
		{E72472ED-0F6E-41F6-BBFA-922B6B830C4E}.Release|Any CPU.Build.0 = Release|Any CPU
		{F0675606-7AD1-498D-9DAD-D54D73B45A7D}.Debug|Any CPU.ActiveCfg = Debug|Any CPU
		{F0675606-7AD1-498D-9DAD-D54D73B45A7D}.Debug|Any CPU.Build.0 = Debug|Any CPU
		{F0675606-7AD1-498D-9DAD-D54D73B45A7D}.Release|Any CPU.ActiveCfg = Release|Any CPU
		{F0675606-7AD1-498D-9DAD-D54D73B45A7D}.Release|Any CPU.Build.0 = Release|Any CPU
		{E49EA128-CC07-49E4-BB78-91915358551B}.Debug|Any CPU.ActiveCfg = Debug|Any CPU
		{E49EA128-CC07-49E4-BB78-91915358551B}.Debug|Any CPU.Build.0 = Debug|Any CPU
		{E49EA128-CC07-49E4-BB78-91915358551B}.Release|Any CPU.ActiveCfg = Release|Any CPU
		{E49EA128-CC07-49E4-BB78-91915358551B}.Release|Any CPU.Build.0 = Release|Any CPU
	EndGlobalSection
	GlobalSection(SolutionProperties) = preSolution
		HideSolutionNode = FALSE
	EndGlobalSection
	GlobalSection(ExtensibilityGlobals) = postSolution
		SolutionGuid = {610595F1-16EA-4D35-85D7-7713A0B09D5F}
	EndGlobalSection
EndGlobal
