
Microsoft Visual Studio Solution File, Format Version 12.00
# Visual Studio 15
VisualStudioVersion = 15.0.28307.489
MinimumVisualStudioVersion = 10.0.40219.1
Project("{9A19103F-16F7-4668-BE54-9A1E7A4F7556}") = "tritronAPI", "tritronAPI.csproj", "{584A5EE8-434A-4292-9D80-9CA2808AE8EF}"
EndProject
Global
	GlobalSection(SolutionConfigurationPlatforms) = preSolution
		Debug|Any CPU = Debug|Any CPU
		Release|Any CPU = Release|Any CPU
	EndGlobalSection
	GlobalSection(ProjectConfigurationPlatforms) = postSolution
		{584A5EE8-434A-4292-9D80-9CA2808AE8EF}.Debug|Any CPU.ActiveCfg = Debug|Any CPU
		{584A5EE8-434A-4292-9D80-9CA2808AE8EF}.Debug|Any CPU.Build.0 = Debug|Any CPU
		{584A5EE8-434A-4292-9D80-9CA2808AE8EF}.Release|Any CPU.ActiveCfg = Release|Any CPU
		{584A5EE8-434A-4292-9D80-9CA2808AE8EF}.Release|Any CPU.Build.0 = Release|Any CPU
	EndGlobalSection
	GlobalSection(SolutionProperties) = preSolution
		HideSolutionNode = FALSE
	EndGlobalSection
	GlobalSection(ExtensibilityGlobals) = postSolution
		SolutionGuid = {610595F1-16EA-4D35-85D7-7713A0B09D5F}
	EndGlobalSection
EndGlobal
